
Microsoft Visual Studio Solution File, Format Version 12.00
# Visual Studio 15
VisualStudioVersion = 15.0.28307.757
MinimumVisualStudioVersion = 10.0.40219.1
Project("{FAE04EC0-301F-11D3-BF4B-00C04F79EFBC}") = "Calculator", "Calculator\Calculator.csproj", "{05EA2FB6-4B98-42D1-90A9-CBC2A4C4D597}"
EndProject
Project("{FAE04EC0-301F-11D3-BF4B-00C04F79EFBC}") = "OperationLibrary", "OperationLibrary\OperationLibrary.csproj", "{E8109A03-1F2B-419F-93C0-33D36FDCF331}"
EndProject
Global
	GlobalSection(SolutionConfigurationPlatforms) = preSolution
		Debug|Any CPU = Debug|Any CPU
		Release|Any CPU = Release|Any CPU
	EndGlobalSection
	GlobalSection(ProjectConfigurationPlatforms) = postSolution
		{05EA2FB6-4B98-42D1-90A9-CBC2A4C4D597}.Debug|Any CPU.ActiveCfg = Debug|Any CPU
		{05EA2FB6-4B98-42D1-90A9-CBC2A4C4D597}.Debug|Any CPU.Build.0 = Debug|Any CPU
		{05EA2FB6-4B98-42D1-90A9-CBC2A4C4D597}.Release|Any CPU.ActiveCfg = Release|Any CPU
		{05EA2FB6-4B98-42D1-90A9-CBC2A4C4D597}.Release|Any CPU.Build.0 = Release|Any CPU
		{E8109A03-1F2B-419F-93C0-33D36FDCF331}.Debug|Any CPU.ActiveCfg = Debug|Any CPU
		{E8109A03-1F2B-419F-93C0-33D36FDCF331}.Debug|Any CPU.Build.0 = Debug|Any CPU
		{E8109A03-1F2B-419F-93C0-33D36FDCF331}.Release|Any CPU.ActiveCfg = Release|Any CPU
		{E8109A03-1F2B-419F-93C0-33D36FDCF331}.Release|Any CPU.Build.0 = Release|Any CPU
	EndGlobalSection
	GlobalSection(SolutionProperties) = preSolution
		HideSolutionNode = FALSE
	EndGlobalSection
	GlobalSection(ExtensibilityGlobals) = postSolution
		SolutionGuid = {5F65B196-F1FD-4A85-870D-28FEA197CC6C}
	EndGlobalSection
EndGlobal
